github.com/yosebyte/x v1.1.0 h1:Ep2pwUQAovy3AvKPSilbIBSsy2PFoYB8nYPTENxEcY0=
github.com/yosebyte/x v1.1.0/go.mod h1:rxpLGjwfWo9JM1xVkxRO+Zkcx/c1CdGhHjK8Qh3gigU=
golang.org/x/net v0.37.0 h1:1zLorHbz+LYj7MQlSf1+2tPIIgibq2eL5xkrGk6f+2c=
golang.org/x/net v0.37.0/go.mod h1:ivrbrMbzFq5J41QOQh0siUuly180yBYtLp+CKbEaFx8=
